
Microsoft Visual Studio Solution File, Format Version 12.00
# Visual Studio Version 17
VisualStudioVersion = 17.14.36414.22
MinimumVisualStudioVersion = 10.0.40219.1
Project("{FAE04EC0-301F-11D3-BF4B-00C04F79EFBC}") = "WBH", "WBH\WBH.csproj", "{F55693B6-D12B-4E3C-8E39-35F2B9021E5F}"
EndProject
Global
	GlobalSection(SolutionConfigurationPlatforms) = preSolution
		Debug|Any CPU = Debug|Any CPU
		Release|Any CPU = Release|Any CPU
	EndGlobalSection
	GlobalSection(ProjectConfigurationPlatforms) = postSolution
		{F55693B6-D12B-4E3C-8E39-35F2B9021E5F}.Debug|Any CPU.ActiveCfg = Debug|Any CPU
		{F55693B6-D12B-4E3C-8E39-35F2B9021E5F}.Debug|Any CPU.Build.0 = Debug|Any CPU
		{F55693B6-D12B-4E3C-8E39-35F2B9021E5F}.Release|Any CPU.ActiveCfg = Release|Any CPU
		{F55693B6-D12B-4E3C-8E39-35F2B9021E5F}.Release|Any CPU.Build.0 = Release|Any CPU
	EndGlobalSection
	GlobalSection(SolutionProperties) = preSolution
		HideSolutionNode = FALSE
	EndGlobalSection
	GlobalSection(ExtensibilityGlobals) = postSolution
		SolutionGuid = {DE5C2D48-A32F-4D35-8338-183398062720}
	EndGlobalSection
EndGlobal
